
Microsoft Visual Studio Solution File, Format Version 12.00
# Visual Studio Version 17
VisualStudioVersion = 17.11.35431.28
MinimumVisualStudioVersion = 10.0.40219.1
Project("{FAE04EC0-301F-11D3-BF4B-00C04F79EFBC}") = "Dealer", "Dealer\Dealer.csproj", "{B9A0EC65-934A-4BA2-9B48-58BD4883B062}"
EndProject
Global
	GlobalSection(SolutionConfigurationPlatforms) = preSolution
		Debug|Any CPU = Debug|Any CPU
		Release|Any CPU = Release|Any CPU
	EndGlobalSection
	GlobalSection(ProjectConfigurationPlatforms) = postSolution
		{B9A0EC65-934A-4BA2-9B48-58BD4883B062}.Debug|Any CPU.ActiveCfg = Debug|Any CPU
		{B9A0EC65-934A-4BA2-9B48-58BD4883B062}.Debug|Any CPU.Build.0 = Debug|Any CPU
		{B9A0EC65-934A-4BA2-9B48-58BD4883B062}.Release|Any CPU.ActiveCfg = Release|Any CPU
		{B9A0EC65-934A-4BA2-9B48-58BD4883B062}.Release|Any CPU.Build.0 = Release|Any CPU
	EndGlobalSection
	GlobalSection(SolutionProperties) = preSolution
		HideSolutionNode = FALSE
	EndGlobalSection
	GlobalSection(ExtensibilityGlobals) = postSolution
		SolutionGuid = {E35B01AE-CB34-45D2-8581-5FED065EFB92}
	EndGlobalSection
EndGlobal
